// !$*UTF8*$!
{
	archiveVersion = 1;
	classes = {
	};
	objectVersion = 55;
	objects = {

/* Begin PBXBuildFile section */
		277C26A37BD0254F16D48018 /* Pods_iOSOCDemoTests.framework in Frameworks */ = {isa = PBXBuildFile; fileRef = FBE18838ED06BBE97F1ECB17 /* Pods_iOSOCDemoTests.framework */; };
		415BCB3CF9450204A5778342 /* Pods_iOSOCDemo_iOSOCDemoUITests.framework in Frameworks */ = {isa = PBXBuildFile; fileRef = C7AE549DBB746323B9861340 /* Pods_iOSOCDemo_iOSOCDemoUITests.framework */; };
		BA2352B027D89A3F00E7715D /* AppDelegate.m in Sources */ = {isa = PBXBuildFile; fileRef = BA2352AF27D89A3F00E7715D /* AppDelegate.m */; };
		BA2352B327D89A3F00E7715D /* SceneDelegate.m in Sources */ = {isa = PBXBuildFile; fileRef = BA2352B227D89A3F00E7715D /* SceneDelegate.m */; };
		BA2352B627D89A3F00E7715D /* ViewController.m in Sources */ = {isa = PBXBuildFile; fileRef = BA2352B527D89A3F00E7715D /* ViewController.m */; };
		BA2352B927D89A3F00E7715D /* Main.storyboard in Resources */ = {isa = PBXBuildFile; fileRef = BA2352B727D89A3F00E7715D /* Main.storyboard */; };
		BA2352BB27D89A4100E7715D /* Assets.xcassets in Resources */ = {isa = PBXBuildFile; fileRef = BA2352BA27D89A4100E7715D /* Assets.xcassets */; };
		BA2352BE27D89A4100E7715D /* LaunchScreen.storyboard in Resources */ = {isa = PBXBuildFile; fileRef = BA2352BC27D89A4100E7715D /* LaunchScreen.storyboard */; };
		BA2352C127D89A4100E7715D /* main.m in Sources */ = {isa = PBXBuildFile; fileRef = BA2352C027D89A4100E7715D /* main.m */; };
		BA2352CB27D89A4100E7715D /* iOSOCDemoTests.m in Sources */ = {isa = PBXBuildFile; fileRef = BA2352CA27D89A4100E7715D /* iOSOCDemoTests.m */; };
		BA2352D527D89A4100E7715D /* iOSOCDemoUITests.m in Sources */ = {isa = PBXBuildFile; fileRef = BA2352D427D89A4100E7715D /* iOSOCDemoUITests.m */; };
		BA2352D727D89A4100E7715D /* iOSOCDemoUITestsLaunchTests.m in Sources */ = {isa = PBXBuildFile; fileRef = BA2352D627D89A4100E7715D /* iOSOCDemoUITestsLaunchTests.m */; };
		C1F5DC0CD93AE973F4039FE6 /* Pods_iOSOCDemo.framework in Frameworks */ = {isa = PBXBuildFile; fileRef = BE9055F62E59BB9B066BC4C6 /* Pods_iOSOCDemo.framework */; };
/* End PBXBuildFile section */

/* Begin PBXContainerItemProxy section */
		BA2352C727D89A4100E7715D /* PBXContainerItemProxy */ = {
			isa = PBXContainerItemProxy;
			containerPortal = BA2352A327D89A3F00E7715D /* Project object */;
			proxyType = 1;
			remoteGlobalIDString = BA2352AA27D89A3F00E7715D;
			remoteInfo = iOSOCDemo;
		};
		BA2352D127D89A4100E7715D /* PBXContainerItemProxy */ = {
			isa = PBXContainerItemProxy;
			containerPortal = BA2352A327D89A3F00E7715D /* Project object */;
			proxyType = 1;
			remoteGlobalIDString = BA2352AA27D89A3F00E7715D;
			remoteInfo = iOSOCDemo;
		};
/* End PBXContainerItemProxy section */

/* Begin PBXFileReference section */
		0410EED1F46420944DEB9F66 /* Pods-iOSOCDemo.debug.xcconfig */ = {isa = PBXFileReference; includeInIndex = 1; lastKnownFileType = text.xcconfig; name = "Pods-iOSOCDemo.debug.xcconfig"; path = "Target Support Files/Pods-iOSOCDemo/Pods-iOSOCDemo.debug.xcconfig"; sourceTree = "<group>"; };
		35725BB55494068EC449218E /* Pods-iOSOCDemoTests.release.xcconfig */ = {isa = PBXFileReference; includeInIndex = 1; lastKnownFileType = text.xcconfig; name = "Pods-iOSOCDemoTests.release.xcconfig"; path = "Target Support Files/Pods-iOSOCDemoTests/Pods-iOSOCDemoTests.release.xcconfig"; sourceTree = "<group>"; };
		6CD0CABCD36E1B56BD16A041 /* Pods-iOSOCDemo-iOSOCDemoUITests.debug.xcconfig */ = {isa = PBXFileReference; includeInIndex = 1; lastKnownFileType = text.xcconfig; name = "Pods-iOSOCDemo-iOSOCDemoUITests.debug.xcconfig"; path = "Target Support Files/Pods-iOSOCDemo-iOSOCDemoUITests/Pods-iOSOCDemo-iOSOCDemoUITests.debug.xcconfig"; sourceTree = "<group>"; };
		7544D84E70D58DB1FBDE92E6 /* Pods-iOSOCDemo.release.xcconfig */ = {isa = PBXFileReference; includeInIndex = 1; lastKnownFileType = text.xcconfig; name = "Pods-iOSOCDemo.release.xcconfig"; path = "Target Support Files/Pods-iOSOCDemo/Pods-iOSOCDemo.release.xcconfig"; sourceTree = "<group>"; };
		A7287F995FD289509610FE30 /* Pods-iOSOCDemo-iOSOCDemoUITests.release.xcconfig */ = {isa = PBXFileReference; includeInIndex = 1; lastKnownFileType = text.xcconfig; name = "Pods-iOSOCDemo-iOSOCDemoUITests.release.xcconfig"; path = "Target Support Files/Pods-iOSOCDemo-iOSOCDemoUITests/Pods-iOSOCDemo-iOSOCDemoUITests.release.xcconfig"; sourceTree = "<group>"; };
		BA2352AB27D89A3F00E7715D /* iOSOCDemo.app */ = {isa = PBXFileReference; explicitFileType = wrapper.application; includeInIndex = 0; path = iOSOCDemo.app; sourceTree = BUILT_PRODUCTS_DIR; };
		BA2352AE27D89A3F00E7715D /* AppDelegate.h */ = {isa = PBXFileReference; lastKnownFileType = sourcecode.c.h; path = AppDelegate.h; sourceTree = "<group>"; };
		BA2352AF27D89A3F00E7715D /* AppDelegate.m */ = {isa = PBXFileReference; lastKnownFileType = sourcecode.c.objc; path = AppDelegate.m; sourceTree = "<group>"; };
		BA2352B127D89A3F00E7715D /* SceneDelegate.h */ = {isa = PBXFileReference; lastKnownFileType = sourcecode.c.h; path = SceneDelegate.h; sourceTree = "<group>"; };
		BA2352B227D89A3F00E7715D /* SceneDelegate.m */ = {isa = PBXFileReference; lastKnownFileType = sourcecode.c.objc; path = SceneDelegate.m; sourceTree = "<group>"; };
		BA2352B427D89A3F00E7715D /* ViewController.h */ = {isa = PBXFileReference; lastKnownFileType = sourcecode.c.h; path = ViewController.h; sourceTree = "<group>"; };
		BA2352B527D89A3F00E7715D /* ViewController.m */ = {isa = PBXFileReference; lastKnownFileType = sourcecode.c.objc; path = ViewController.m; sourceTree = "<group>"; };
		BA2352B827D89A3F00E7715D /* Base */ = {isa = PBXFileReference; lastKnownFileType = file.storyboard; name = Base; path = Base.lproj/Main.storyboard; sourceTree = "<group>"; };
		BA2352BA27D89A4100E7715D /* Assets.xcassets */ = {isa = PBXFileReference; lastKnownFileType = folder.assetcatalog; path = Assets.xcassets; sourceTree = "<group>"; };
		BA2352BD27D89A4100E7715D /* Base */ = {isa = PBXFileReference; lastKnownFileType = file.storyboard; name = Base; path = Base.lproj/LaunchScreen.storyboard; sourceTree = "<group>"; };
		BA2352BF27D89A4100E7715D /* Info.plist */ = {isa = PBXFileReference; lastKnownFileType = text.plist.xml; path = Info.plist; sourceTree = "<group>"; };
		BA2352C027D89A4100E7715D /* main.m */ = {isa = PBXFileReference; lastKnownFileType = sourcecode.c.objc; path = main.m; sourceTree = "<group>"; };
		BA2352C627D89A4100E7715D /* iOSOCDemoTests.xctest */ = {isa = PBXFileReference; explicitFileType = wrapper.cfbundle; includeInIndex = 0; path = iOSOCDemoTests.xctest; sourceTree = BUILT_PRODUCTS_DIR; };
		BA2352CA27D89A4100E7715D /* iOSOCDemoTests.m */ = {isa = PBXFileReference; lastKnownFileType = sourcecode.c.objc; path = iOSOCDemoTests.m; sourceTree = "<group>"; };
		BA2352D027D89A4100E7715D /* iOSOCDemoUITests.xctest */ = {isa = PBXFileReference; explicitFileType = wrapper.cfbundle; includeInIndex = 0; path = iOSOCDemoUITests.xctest; sourceTree = BUILT_PRODUCTS_DIR; };
		BA2352D427D89A4100E7715D /* iOSOCDemoUITests.m */ = {isa = PBXFileReference; lastKnownFileType = sourcecode.c.objc; path = iOSOCDemoUITests.m; sourceTree = "<group>"; };
		BA2352D627D89A4100E7715D /* iOSOCDemoUITestsLaunchTests.m */ = {isa = PBXFileReference; lastKnownFileType = sourcecode.c.objc; path = iOSOCDemoUITestsLaunchTests.m; sourceTree = "<group>"; };
		BE9055F62E59BB9B066BC4C6 /* Pods_iOSOCDemo.framework */ = {isa = PBXFileReference; explicitFileType = wrapper.framework; includeInIndex = 0; path = Pods_iOSOCDemo.framework; sourceTree = BUILT_PRODUCTS_DIR; };
		C7AE549DBB746323B9861340 /* Pods_iOSOCDemo_iOSOCDemoUITests.framework */ = {isa = PBXFileReference; explicitFileType = wrapper.framework; includeInIndex = 0; path = Pods_iOSOCDemo_iOSOCDemoUITests.framework; sourceTree = BUILT_PRODUCTS_DIR; };
		FBE18838ED06BBE97F1ECB17 /* Pods_iOSOCDemoTests.framework */ = {isa = PBXFileReference; explicitFileType = wrapper.framework; includeInIndex = 0; path = Pods_iOSOCDemoTests.framework; sourceTree = BUILT_PRODUCTS_DIR; };
		FCB4362ED9F8B7FCE1092FC7 /* Pods-iOSOCDemoTests.debug.xcconfig */ = {isa = PBXFileReference; includeInIndex = 1; lastKnownFileType = text.xcconfig; name = "Pods-iOSOCDemoTests.debug.xcconfig"; path = "Target Support Files/Pods-iOSOCDemoTests/Pods-iOSOCDemoTests.debug.xcconfig"; sourceTree = "<group>"; };
/* End PBXFileReference section */

/* Begin PBXFrameworksBuildPhase section */
		BA2352A827D89A3F00E7715D /* Frameworks */ = {
			isa = PBXFrameworksBuildPhase;
			buildActionMask = 2147483647;
			files = (
				C1F5DC0CD93AE973F4039FE6 /* Pods_iOSOCDemo.framework in Frameworks */,
			);
			runOnlyForDeploymentPostprocessing = 0;
		};
		BA2352C327D89A4100E7715D /* Frameworks */ = {
			isa = PBXFrameworksBuildPhase;
			buildActionMask = 2147483647;
			files = (
				277C26A37BD0254F16D48018 /* Pods_iOSOCDemoTests.framework in Frameworks */,
			);
			runOnlyForDeploymentPostprocessing = 0;
		};
		BA2352CD27D89A4100E7715D /* Frameworks */ = {
			isa = PBXFrameworksBuildPhase;
			buildActionMask = 2147483647;
			files = (
				415BCB3CF9450204A5778342 /* Pods_iOSOCDemo_iOSOCDemoUITests.framework in Frameworks */,
			);
			runOnlyForDeploymentPostprocessing = 0;
		};
/* End PBXFrameworksBuildPhase section */

/* Begin PBXGroup section */
		4AFE25444DB2AAD84CC986E8 /* Pods */ = {
			isa = PBXGroup;
			children = (
				0410EED1F46420944DEB9F66 /* Pods-iOSOCDemo.debug.xcconfig */,
				7544D84E70D58DB1FBDE92E6 /* Pods-iOSOCDemo.release.xcconfig */,
				6CD0CABCD36E1B56BD16A041 /* Pods-iOSOCDemo-iOSOCDemoUITests.debug.xcconfig */,
				A7287F995FD289509610FE30 /* Pods-iOSOCDemo-iOSOCDemoUITests.release.xcconfig */,
				FCB4362ED9F8B7FCE1092FC7 /* Pods-iOSOCDemoTests.debug.xcconfig */,
				35725BB55494068EC449218E /* Pods-iOSOCDemoTests.release.xcconfig */,
			);
			name = Pods;
			path = Pods;
			sourceTree = "<group>";
		};
		4C6F2D6D77B2C88A5FF19457 /* Frameworks */ = {
			isa = PBXGroup;
			children = (
				BE9055F62E59BB9B066BC4C6 /* Pods_iOSOCDemo.framework */,
				C7AE549DBB746323B9861340 /* Pods_iOSOCDemo_iOSOCDemoUITests.framework */,
				FBE18838ED06BBE97F1ECB17 /* Pods_iOSOCDemoTests.framework */,
			);
			name = Frameworks;
			sourceTree = "<group>";
		};
		BA2352A227D89A3F00E7715D = {
			isa = PBXGroup;
			children = (
				BA2352AD27D89A3F00E7715D /* iOSOCDemo */,
				BA2352C927D89A4100E7715D /* iOSOCDemoTests */,
				BA2352D327D89A4100E7715D /* iOSOCDemoUITests */,
				BA2352AC27D89A3F00E7715D /* Products */,
				4AFE25444DB2AAD84CC986E8 /* Pods */,
				4C6F2D6D77B2C88A5FF19457 /* Frameworks */,
			);
			sourceTree = "<group>";
		};
		BA2352AC27D89A3F00E7715D /* Products */ = {
			isa = PBXGroup;
			children = (
				BA2352AB27D89A3F00E7715D /* iOSOCDemo.app */,
				BA2352C627D89A4100E7715D /* iOSOCDemoTests.xctest */,
				BA2352D027D89A4100E7715D /* iOSOCDemoUITests.xctest */,
			);
			name = Products;
			sourceTree = "<group>";
		};
		BA2352AD27D89A3F00E7715D /* iOSOCDemo */ = {
			isa = PBXGroup;
			children = (
				BA2352AE27D89A3F00E7715D /* AppDelegate.h */,
				BA2352AF27D89A3F00E7715D /* AppDelegate.m */,
				BA2352B127D89A3F00E7715D /* SceneDelegate.h */,
				BA2352B227D89A3F00E7715D /* SceneDelegate.m */,
				BA2352B427D89A3F00E7715D /* ViewController.h */,
				BA2352B527D89A3F00E7715D /* ViewController.m */,
				BA2352B727D89A3F00E7715D /* Main.storyboard */,
				BA2352BA27D89A4100E7715D /* Assets.xcassets */,
				BA2352BC27D89A4100E7715D /* LaunchScreen.storyboard */,
				BA2352BF27D89A4100E7715D /* Info.plist */,
				BA2352C027D89A4100E7715D /* main.m */,
			);
			path = iOSOCDemo;
			sourceTree = "<group>";
		};
		BA2352C927D89A4100E7715D /* iOSOCDemoTests */ = {
			isa = PBXGroup;
			children = (
				BA2352CA27D89A4100E7715D /* iOSOCDemoTests.m */,
			);
			path = iOSOCDemoTests;
			sourceTree = "<group>";
		};
		BA2352D327D89A4100E7715D /* iOSOCDemoUITests */ = {
			isa = PBXGroup;
			children = (
				BA2352D427D89A4100E7715D /* iOSOCDemoUITests.m */,
				BA2352D627D89A4100E7715D /* iOSOCDemoUITestsLaunchTests.m */,
			);
			path = iOSOCDemoUITests;
			sourceTree = "<group>";
		};
/* End PBXGroup section */

/* Begin PBXNativeTarget section */
		BA2352AA27D89A3F00E7715D /* iOSOCDemo */ = {
			isa = PBXNativeTarget;
			buildConfigurationList = BA2352DA27D89A4100E7715D /* Build configuration list for PBXNativeTarget "iOSOCDemo" */;
			buildPhases = (
				44DDCC09043B38F2A6047F02 /* [CP] Check Pods Manifest.lock */,
				BA2352A727D89A3F00E7715D /* Sources */,
				BA2352A827D89A3F00E7715D /* Frameworks */,
				BA2352A927D89A3F00E7715D /* Resources */,
			);
			buildRules = (
			);
			dependencies = (
			);
			name = iOSOCDemo;
			productName = iOSOCDemo;
			productReference = BA2352AB27D89A3F00E7715D /* iOSOCDemo.app */;
			productType = "com.apple.product-type.application";
		};
		BA2352C527D89A4100E7715D /* iOSOCDemoTests */ = {
			isa = PBXNativeTarget;
			buildConfigurationList = BA2352DD27D89A4100E7715D /* Build configuration list for PBXNativeTarget "iOSOCDemoTests" */;
			buildPhases = (
				780DB97792952B98407DF904 /* [CP] Check Pods Manifest.lock */,
				BA2352C227D89A4100E7715D /* Sources */,
				BA2352C327D89A4100E7715D /* Frameworks */,
				BA2352C427D89A4100E7715D /* Resources */,
			);
			buildRules = (
			);
			dependencies = (
				BA2352C827D89A4100E7715D /* PBXTargetDependency */,
			);
			name = iOSOCDemoTests;
			productName = iOSOCDemoTests;
			productReference = BA2352C627D89A4100E7715D /* iOSOCDemoTests.xctest */;
			productType = "com.apple.product-type.bundle.unit-test";
		};
		BA2352CF27D89A4100E7715D /* iOSOCDemoUITests */ = {
			isa = PBXNativeTarget;
			buildConfigurationList = BA2352E027D89A4100E7715D /* Build configuration list for PBXNativeTarget "iOSOCDemoUITests" */;
			buildPhases = (
				B3E31820382D91EEA782D65D /* [CP] Check Pods Manifest.lock */,
				BA2352CC27D89A4100E7715D /* Sources */,
				BA2352CD27D89A4100E7715D /* Frameworks */,
				BA2352CE27D89A4100E7715D /* Resources */,
			);
			buildRules = (
			);
			dependencies = (
				BA2352D227D89A4100E7715D /* PBXTargetDependency */,
			);
			name = iOSOCDemoUITests;
			productName = iOSOCDemoUITests;
			productReference = BA2352D027D89A4100E7715D /* iOSOCDemoUITests.xctest */;
			productType = "com.apple.product-type.bundle.ui-testing";
		};
/* End PBXNativeTarget section */

/* Begin PBXProject section */
		BA2352A327D89A3F00E7715D /* Project object */ = {
			isa = PBXProject;
			attributes = {
				BuildIndependentTargetsInParallel = 1;
				LastUpgradeCheck = 1320;
				TargetAttributes = {
					BA2352AA27D89A3F00E7715D = {
						CreatedOnToolsVersion = 13.2.1;
					};
					BA2352C527D89A4100E7715D = {
						CreatedOnToolsVersion = 13.2.1;
						TestTargetID = BA2352AA27D89A3F00E7715D;
					};
					BA2352CF27D89A4100E7715D = {
						CreatedOnToolsVersion = 13.2.1;
						TestTargetID = BA2352AA27D89A3F00E7715D;
					};
				};
			};
			buildConfigurationList = BA2352A627D89A3F00E7715D /* Build configuration list for PBXProject "iOSOCDemo" */;
			compatibilityVersion = "Xcode 13.0";
			developmentRegion = en;
			hasScannedForEncodings = 0;
			knownRegions = (
				en,
				Base,
			);
			mainGroup = BA2352A227D89A3F00E7715D;
			productRefGroup = BA2352AC27D89A3F00E7715D /* Products */;
			projectDirPath = "";
			projectRoot = "";
			targets = (
				BA2352AA27D89A3F00E7715D /* iOSOCDemo */,
				BA2352C527D89A4100E7715D /* iOSOCDemoTests */,
				BA2352CF27D89A4100E7715D /* iOSOCDemoUITests */,
			);
		};
/* End PBXProject section */

/* Begin PBXResourcesBuildPhase section */
		BA2352A927D89A3F00E7715D /* Resources */ = {
			isa = PBXResourcesBuildPhase;
			buildActionMask = 2147483647;
			files = (
				BA2352BE27D89A4100E7715D /* LaunchScreen.storyboard in Resources */,
				BA2352BB27D89A4100E7715D /* Assets.xcassets in Resources */,
				BA2352B927D89A3F00E7715D /* Main.storyboard in Resources */,
			);
			runOnlyForDeploymentPostprocessing = 0;
		};
		BA2352C427D89A4100E7715D /* Resources */ = {
			isa = PBXResourcesBuildPhase;
			buildActionMask = 2147483647;
			files = (
			);
			runOnlyForDeploymentPostprocessing = 0;
		};
		BA2352CE27D89A4100E7715D /* Resources */ = {
			isa = PBXResourcesBuildPhase;
			buildActionMask = 2147483647;
			files = (
			);
			runOnlyForDeploymentPostprocessing = 0;
		};
/* End PBXResourcesBuildPhase section */

/* Begin PBXShellScriptBuildPhase section */
		44DDCC09043B38F2A6047F02 /* [CP] Check Pods Manifest.lock */ = {
			isa = PBXShellScriptBuildPhase;
			buildActionMask = 2147483647;
			files = (
			);
			inputFileListPaths = (
			);
			inputPaths = (
				"${PODS_PODFILE_DIR_PATH}/Podfile.lock",
				"${PODS_ROOT}/Manifest.lock",
			);
			name = "[CP] Check Pods Manifest.lock";
			outputFileListPaths = (
			);
			outputPaths = (
				"$(DERIVED_FILE_DIR)/Pods-iOSOCDemo-checkManifestLockResult.txt",
			);
			runOnlyForDeploymentPostprocessing = 0;
			shellPath = /bin/sh;
			shellScript = "diff \"${PODS_PODFILE_DIR_PATH}/Podfile.lock\" \"${PODS_ROOT}/Manifest.lock\" > /dev/null\nif [ $? != 0 ] ; then\n    # print error to STDERR\n    echo \"error: The sandbox is not in sync with the Podfile.lock. Run 'pod install' or update your CocoaPods installation.\" >&2\n    exit 1\nfi\n# This output is used by Xcode 'outputs' to avoid re-running this script phase.\necho \"SUCCESS\" > \"${SCRIPT_OUTPUT_FILE_0}\"\n";
			showEnvVarsInLog = 0;
		};
		780DB97792952B98407DF904 /* [CP] Check Pods Manifest.lock */ = {
			isa = PBXShellScriptBuildPhase;
			buildActionMask = 2147483647;
			files = (
			);
			inputFileListPaths = (
			);
			inputPaths = (
				"${PODS_PODFILE_DIR_PATH}/Podfile.lock",
				"${PODS_ROOT}/Manifest.lock",
			);
			name = "[CP] Check Pods Manifest.lock";
			outputFileListPaths = (
			);
			outputPaths = (
				"$(DERIVED_FILE_DIR)/Pods-iOSOCDemoTests-checkManifestLockResult.txt",
			);
			runOnlyForDeploymentPostprocessing = 0;
			shellPath = /bin/sh;
			shellScript = "diff \"${PODS_PODFILE_DIR_PATH}/Podfile.lock\" \"${PODS_ROOT}/Manifest.lock\" > /dev/null\nif [ $? != 0 ] ; then\n    # print error to STDERR\n    echo \"error: The sandbox is not in sync with the Podfile.lock. Run 'pod install' or update your CocoaPods installation.\" >&2\n    exit 1\nfi\n# This output is used by Xcode 'outputs' to avoid re-running this script phase.\necho \"SUCCESS\" > \"${SCRIPT_OUTPUT_FILE_0}\"\n";
			showEnvVarsInLog = 0;
		};
		B3E31820382D91EEA782D65D /* [CP] Check Pods Manifest.lock */ = {
			isa = PBXShellScriptBuildPhase;
			buildActionMask = 2147483647;
			files = (
			);
			inputFileListPaths = (
			);
			inputPaths = (
				"${PODS_PODFILE_DIR_PATH}/Podfile.lock",
				"${PODS_ROOT}/Manifest.lock",
			);
			name = "[CP] Check Pods Manifest.lock";
			outputFileListPaths = (
			);
			outputPaths = (
				"$(DERIVED_FILE_DIR)/Pods-iOSOCDemo-iOSOCDemoUITests-checkManifestLockResult.txt",
			);
			runOnlyForDeploymentPostprocessing = 0;
			shellPath = /bin/sh;
			shellScript = "diff \"${PODS_PODFILE_DIR_PATH}/Podfile.lock\" \"${PODS_ROOT}/Manifest.lock\" > /dev/null\nif [ $? != 0 ] ; then\n    # print error to STDERR\n    echo \"error: The sandbox is not in sync with the Podfile.lock. Run 'pod install' or update your CocoaPods installation.\" >&2\n    exit 1\nfi\n# This output is used by Xcode 'outputs' to avoid re-running this script phase.\necho \"SUCCESS\" > \"${SCRIPT_OUTPUT_FILE_0}\"\n";
			showEnvVarsInLog = 0;
		};
/* End PBXShellScriptBuildPhase section */

/* Begin PBXSourcesBuildPhase section */
		BA2352A727D89A3F00E7715D /* Sources */ = {
			isa = PBXSourcesBuildPhase;
			buildActionMask = 2147483647;
			files = (
				BA2352B627D89A3F00E7715D /* ViewController.m in Sources */,
				BA2352B027D89A3F00E7715D /* AppDelegate.m in Sources */,
				BA2352C127D89A4100E7715D /* main.m in Sources */,
				BA2352B327D89A3F00E7715D /* SceneDelegate.m in Sources */,
			);
			runOnlyForDeploymentPostprocessing = 0;
		};
		BA2352C227D89A4100E7715D /* Sources */ = {
			isa = PBXSourcesBuildPhase;
			buildActionMask = 2147483647;
			files = (
				BA2352CB27D89A4100E7715D /* iOSOCDemoTests.m in Sources */,
			);
			runOnlyForDeploymentPostprocessing = 0;
		};
		BA2352CC27D89A4100E7715D /* Sources */ = {
			isa = PBXSourcesBuildPhase;
			buildActionMask = 2147483647;
			files = (
				BA2352D527D89A4100E7715D /* iOSOCDemoUITests.m in Sources */,
				BA2352D727D89A4100E7715D /* iOSOCDemoUITestsLaunchTests.m in Sources */,
			);
			runOnlyForDeploymentPostprocessing = 0;
		};
/* End PBXSourcesBuildPhase section */

/* Begin PBXTargetDependency section */
		BA2352C827D89A4100E7715D /* PBXTargetDependency */ = {
			isa = PBXTargetDependency;
			target = BA2352AA27D89A3F00E7715D /* iOSOCDemo */;
			targetProxy = BA2352C727D89A4100E7715D /* PBXContainerItemProxy */;
		};
		BA2352D227D89A4100E7715D /* PBXTargetDependency */ = {
			isa = PBXTargetDependency;
			target = BA2352AA27D89A3F00E7715D /* iOSOCDemo */;
			targetProxy = BA2352D127D89A4100E7715D /* PBXContainerItemProxy */;
		};
/* End PBXTargetDependency section */

/* Begin PBXVariantGroup section */
		BA2352B727D89A3F00E7715D /* Main.storyboard */ = {
			isa = PBXVariantGroup;
			children = (
				BA2352B827D89A3F00E7715D /* Base */,
			);
			name = Main.storyboard;
			sourceTree = "<group>";
		};
		BA2352BC27D89A4100E7715D /* LaunchScreen.storyboard */ = {
			isa = PBXVariantGroup;
			children = (
				BA2352BD27D89A4100E7715D /* Base */,
			);
			name = LaunchScreen.storyboard;
			sourceTree = "<group>";
		};
/* End PBXVariantGroup section */

/* Begin XCBuildConfiguration section */
		BA2352D827D89A4100E7715D /* Debug */ = {
			isa = XCBuildConfiguration;
			buildSettings = {
				ALWAYS_SEARCH_USER_PATHS = NO;
				CLANG_ANALYZER_NONNULL = YES;
				CLANG_ANALYZER_NUMBER_OBJECT_CONVERSION = YES_AGGRESSIVE;
				CLANG_CXX_LANGUAGE_STANDARD = "gnu++17";
				CLANG_CXX_LIBRARY = "libc++";
				CLANG_ENABLE_MODULES = YES;
				CLANG_ENABLE_OBJC_ARC = YES;
				CLANG_ENABLE_OBJC_WEAK = YES;
				CLANG_WARN_BLOCK_CAPTURE_AUTORELEASING = YES;
				CLANG_WARN_BOOL_CONVERSION = YES;
				CLANG_WARN_COMMA = YES;
				CLANG_WARN_CONSTANT_CONVERSION = YES;
				CLANG_WARN_DEPRECATED_OBJC_IMPLEMENTATIONS = YES;
				CLANG_WARN_DIRECT_OBJC_ISA_USAGE = YES_ERROR;
				CLANG_WARN_DOCUMENTATION_COMMENTS = YES;
				CLANG_WARN_EMPTY_BODY = YES;
				CLANG_WARN_ENUM_CONVERSION = YES;
				CLANG_WARN_INFINITE_RECURSION = YES;
				CLANG_WARN_INT_CONVERSION = YES;
				CLANG_WARN_NON_LITERAL_NULL_CONVERSION = YES;
				CLANG_WARN_OBJC_IMPLICIT_RETAIN_SELF = YES;
				CLANG_WARN_OBJC_LITERAL_CONVERSION = YES;
				CLANG_WARN_OBJC_ROOT_CLASS = YES_ERROR;
				CLANG_WARN_QUOTED_INCLUDE_IN_FRAMEWORK_HEADER = YES;
				CLANG_WARN_RANGE_LOOP_ANALYSIS = YES;
				CLANG_WARN_STRICT_PROTOTYPES = YES;
				CLANG_WARN_SUSPICIOUS_MOVE = YES;
				CLANG_WARN_UNGUARDED_AVAILABILITY = YES_AGGRESSIVE;
				CLANG_WARN_UNREACHABLE_CODE = YES;
				CLANG_WARN__DUPLICATE_METHOD_MATCH = YES;
				COPY_PHASE_STRIP = NO;
				DEBUG_INFORMATION_FORMAT = dwarf;
				ENABLE_STRICT_OBJC_MSGSEND = YES;
				ENABLE_TESTABILITY = YES;
				GCC_C_LANGUAGE_STANDARD = gnu11;
				GCC_DYNAMIC_NO_PIC = NO;
				GCC_NO_COMMON_BLOCKS = YES;
				GCC_OPTIMIZATION_LEVEL = 0;
				GCC_PREPROCESSOR_DEFINITIONS = (
					"DEBUG=1",
					"$(inherited)",
				);
				GCC_WARN_64_TO_32_BIT_CONVERSION = YES;
				GCC_WARN_ABOUT_RETURN_TYPE = YES_ERROR;
				GCC_WARN_UNDECLARED_SELECTOR = YES;
				GCC_WARN_UNINITIALIZED_AUTOS = YES_AGGRESSIVE;
				GCC_WARN_UNUSED_FUNCTION = YES;
				GCC_WARN_UNUSED_VARIABLE = YES;
				IPHONEOS_DEPLOYMENT_TARGET = 15.2;
				MTL_ENABLE_DEBUG_INFO = INCLUDE_SOURCE;
				MTL_FAST_MATH = YES;
				ONLY_ACTIVE_ARCH = YES;
				SDKROOT = iphoneos;
			};
			name = Debug;
		};
		BA2352D927D89A4100E7715D /* Release */ = {
			isa = XCBuildConfiguration;
			buildSettings = {
				ALWAYS_SEARCH_USER_PATHS = NO;
				CLANG_ANALYZER_NONNULL = YES;
				CLANG_ANALYZER_NUMBER_OBJECT_CONVERSION = YES_AGGRESSIVE;
				CLANG_CXX_LANGUAGE_STANDARD = "gnu++17";
				CLANG_CXX_LIBRARY = "libc++";
				CLANG_ENABLE_MODULES = YES;
				CLANG_ENABLE_OBJC_ARC = YES;
				CLANG_ENABLE_OBJC_WEAK = YES;
				CLANG_WARN_BLOCK_CAPTURE_AUTORELEASING = YES;
				CLANG_WARN_BOOL_CONVERSION = YES;
				CLANG_WARN_COMMA = YES;
				CLANG_WARN_CONSTANT_CONVERSION = YES;
				CLANG_WARN_DEPRECATED_OBJC_IMPLEMENTATIONS = YES;
				CLANG_WARN_DIRECT_OBJC_ISA_USAGE = YES_ERROR;
				CLANG_WARN_DOCUMENTATION_COMMENTS = YES;
				CLANG_WARN_EMPTY_BODY = YES;
				CLANG_WARN_ENUM_CONVERSION = YES;
				CLANG_WARN_INFINITE_RECURSION = YES;
				CLANG_WARN_INT_CONVERSION = YES;
				CLANG_WARN_NON_LITERAL_NULL_CONVERSION = YES;
				CLANG_WARN_OBJC_IMPLICIT_RETAIN_SELF = YES;
				CLANG_WARN_OBJC_LITERAL_CONVERSION = YES;
				CLANG_WARN_OBJC_ROOT_CLASS = YES_ERROR;
				CLANG_WARN_QUOTED_INCLUDE_IN_FRAMEWORK_HEADER = YES;
				CLANG_WARN_RANGE_LOOP_ANALYSIS = YES;
				CLANG_WARN_STRICT_PROTOTYPES = YES;
				CLANG_WARN_SUSPICIOUS_MOVE = YES;
				CLANG_WARN_UNGUARDED_AVAILABILITY = YES_AGGRESSIVE;
				CLANG_WARN_UNREACHABLE_CODE = YES;
				CLANG_WARN__DUPLICATE_METHOD_MATCH = YES;
				COPY_PHASE_STRIP = NO;
				DEBUG_INFORMATION_FORMAT = "dwarf-with-dsym";
				ENABLE_NS_ASSERTIONS = NO;
				ENABLE_STRICT_OBJC_MSGSEND = YES;
				GCC_C_LANGUAGE_STANDARD = gnu11;
				GCC_NO_COMMON_BLOCKS = YES;
				GCC_WARN_64_TO_32_BIT_CONVERSION = YES;
				GCC_WARN_ABOUT_RETURN_TYPE = YES_ERROR;
				GCC_WARN_UNDECLARED_SELECTOR = YES;
				GCC_WARN_UNINITIALIZED_AUTOS = YES_AGGRESSIVE;
				GCC_WARN_UNUSED_FUNCTION = YES;
				GCC_WARN_UNUSED_VARIABLE = YES;
				IPHONEOS_DEPLOYMENT_TARGET = 15.2;
				MTL_ENABLE_DEBUG_INFO = NO;
				MTL_FAST_MATH = YES;
				SDKROOT = iphoneos;
				VALIDATE_PRODUCT = YES;
			};
			name = Release;
		};
		BA2352DB27D89A4100E7715D /* Debug */ = {
			isa = XCBuildConfiguration;
			baseConfigurationReference = 0410EED1F46420944DEB9F66 /* Pods-iOSOCDemo.debug.xcconfig */;
			buildSettings = {
				ASSETCATALOG_COMPILER_APPICON_NAME = AppIcon;
				ASSETCATALOG_COMPILER_GLOBAL_ACCENT_COLOR_NAME = AccentColor;
				CODE_SIGN_STYLE = Automatic;
				CURRENT_PROJECT_VERSION = 1;
				GENERATE_INFOPLIST_FILE = YES;
				INFOPLIST_FILE = iOSOCDemo/Info.plist;
				INFOPLIST_KEY_UIApplicationSupportsIndirectInputEvents = YES;
				INFOPLIST_KEY_UILaunchStoryboardName = LaunchScreen;
				INFOPLIST_KEY_UIMainStoryboardFile = Main;
				INFOPLIST_KEY_UISupportedInterfaceOrientations_iPad = "UIInterfaceOrientationPortrait UIInterfaceOrientationPortraitUpsideDown UIInterfaceOrientationLandscapeLeft UIInterfaceOrientationLandscapeRight";
				INFOPLIST_KEY_UISupportedInterfaceOrientations_iPhone = "UIInterfaceOrientationPortrait UIInterfaceOrientationLandscapeLeft UIInterfaceOrientationLandscapeRight";
				LD_RUNPATH_SEARCH_PATHS = (
					"$(inherited)",
					"@executable_path/Frameworks",
				);
				MARKETING_VERSION = 1.0;
				PRODUCT_BUNDLE_IDENTIFIER = com.domain.iOSOCDemo;
				PRODUCT_NAME = "$(TARGET_NAME)";
				SWIFT_EMIT_LOC_STRINGS = YES;
				TARGETED_DEVICE_FAMILY = "1,2";
			};
			name = Debug;
		};
		BA2352DC27D89A4100E7715D /* Release */ = {
			isa = XCBuildConfiguration;
			baseConfigurationReference = 7544D84E70D58DB1FBDE92E6 /* Pods-iOSOCDemo.release.xcconfig */;
			buildSettings = {
				ASSETCATALOG_COMPILER_APPICON_NAME = AppIcon;
				ASSETCATALOG_COMPILER_GLOBAL_ACCENT_COLOR_NAME = AccentColor;
				CODE_SIGN_STYLE = Automatic;
				CURRENT_PROJECT_VERSION = 1;
				GENERATE_INFOPLIST_FILE = YES;
				INFOPLIST_FILE = iOSOCDemo/Info.plist;
				INFOPLIST_KEY_UIApplicationSupportsIndirectInputEvents = YES;
				INFOPLIST_KEY_UILaunchStoryboardName = LaunchScreen;
				INFOPLIST_KEY_UIMainStoryboardFile = Main;
				INFOPLIST_KEY_UISupportedInterfaceOrientations_iPad = "UIInterfaceOrientationPortrait UIInterfaceOrientationPortraitUpsideDown UIInterfaceOrientationLandscapeLeft UIInterfaceOrientationLandscapeRight";
				INFOPLIST_KEY_UISupportedInterfaceOrientations_iPhone = "UIInterfaceOrientationPortrait UIInterfaceOrientationLandscapeLeft UIInterfaceOrientationLandscapeRight";
				LD_RUNPATH_SEARCH_PATHS = (
					"$(inherited)",
					"@executable_path/Frameworks",
				);
				MARKETING_VERSION = 1.0;
				PRODUCT_BUNDLE_IDENTIFIER = com.domain.iOSOCDemo;
				PRODUCT_NAME = "$(TARGET_NAME)";
				SWIFT_EMIT_LOC_STRINGS = YES;
				TARGETED_DEVICE_FAMILY = "1,2";
			};
			name = Release;
		};
		BA2352DE27D89A4100E7715D /* Debug */ = {
			isa = XCBuildConfiguration;
			baseConfigurationReference = FCB4362ED9F8B7FCE1092FC7 /* Pods-iOSOCDemoTests.debug.xcconfig */;
			buildSettings = {
				BUNDLE_LOADER = "$(TEST_HOST)";
				CODE_SIGN_STYLE = Automatic;
				CURRENT_PROJECT_VERSION = 1;
				GENERATE_INFOPLIST_FILE = YES;
				IPHONEOS_DEPLOYMENT_TARGET = 15.2;
				MARKETING_VERSION = 1.0;
				PRODUCT_BUNDLE_IDENTIFIER = com.domain.iOSOCDemoTests;
				PRODUCT_NAME = "$(TARGET_NAME)";
				SWIFT_EMIT_LOC_STRINGS = NO;
				TARGETED_DEVICE_FAMILY = "1,2";
				TEST_HOST = "$(BUILT_PRODUCTS_DIR)/iOSOCDemo.app/iOSOCDemo";
			};
			name = Debug;
		};
		BA2352DF27D89A4100E7715D /* Release */ = {
			isa = XCBuildConfiguration;
			baseConfigurationReference = 35725BB55494068EC449218E /* Pods-iOSOCDemoTests.release.xcconfig */;
			buildSettings = {
				BUNDLE_LOADER = "$(TEST_HOST)";
				CODE_SIGN_STYLE = Automatic;
				CURRENT_PROJECT_VERSION = 1;
				GENERATE_INFOPLIST_FILE = YES;
				IPHONEOS_DEPLOYMENT_TARGET = 15.2;
				MARKETING_VERSION = 1.0;
				PRODUCT_BUNDLE_IDENTIFIER = com.domain.iOSOCDemoTests;
				PRODUCT_NAME = "$(TARGET_NAME)";
				SWIFT_EMIT_LOC_STRINGS = NO;
				TARGETED_DEVICE_FAMILY = "1,2";
				TEST_HOST = "$(BUILT_PRODUCTS_DIR)/iOSOCDemo.app/iOSOCDemo";
			};
			name = Release;
		};
		BA2352E127D89A4100E7715D /* Debug */ = {
			isa = XCBuildConfiguration;
			baseConfigurationReference = 6CD0CABCD36E1B56BD16A041 /* Pods-iOSOCDemo-iOSOCDemoUITests.debug.xcconfig */;
			buildSettings = {
				CODE_SIGN_STYLE = Automatic;
				CURRENT_PROJECT_VERSION = 1;
				GENERATE_INFOPLIST_FILE = YES;
				MARKETING_VERSION = 1.0;
				PRODUCT_BUNDLE_IDENTIFIER = com.domain.iOSOCDemoUITests;
				PRODUCT_NAME = "$(TARGET_NAME)";
				SWIFT_EMIT_LOC_STRINGS = NO;
				TARGETED_DEVICE_FAMILY = "1,2";
				TEST_TARGET_NAME = iOSOCDemo;
			};
			name = Debug;
		};
		BA2352E227D89A4100E7715D /* Release */ = {
			isa = XCBuildConfiguration;
			baseConfigurationReference = A7287F995FD289509610FE30 /* Pods-iOSOCDemo-iOSOCDemoUITests.release.xcconfig */;
			buildSettings = {
				CODE_SIGN_STYLE = Automatic;
				CURRENT_PROJECT_VERSION = 1;
				GENERATE_INFOPLIST_FILE = YES;
				MARKETING_VERSION = 1.0;
				PRODUCT_BUNDLE_IDENTIFIER = com.domain.iOSOCDemoUITests;
				PRODUCT_NAME = "$(TARGET_NAME)";
				SWIFT_EMIT_LOC_STRINGS = NO;
				TARGETED_DEVICE_FAMILY = "1,2";
				TEST_TARGET_NAME = iOSOCDemo;
			};
			name = Release;
		};
/* End XCBuildConfiguration section */

/* Begin XCConfigurationList section */
		BA2352A627D89A3F00E7715D /* Build configuration list for PBXProject "iOSOCDemo" */ = {
			isa = XCConfigurationList;
			buildConfigurations = (
				BA2352D827D89A4100E7715D /* Debug */,
				BA2352D927D89A4100E7715D /* Release */,
			);
			defaultConfigurationIsVisible = 0;
			defaultConfigurationName = Release;
		};
		BA2352DA27D89A4100E7715D /* Build configuration list for PBXNativeTarget "iOSOCDemo" */ = {
			isa = XCConfigurationList;
			buildConfigurations = (
				BA2352DB27D89A4100E7715D /* Debug */,
				BA2352DC27D89A4100E7715D /* Release */,
			);
			defaultConfigurationIsVisible = 0;
			defaultConfigurationName = Release;
		};
		BA2352DD27D89A4100E7715D /* Build configuration list for PBXNativeTarget "iOSOCDemoTests" */ = {
			isa = XCConfigurationList;
			buildConfigurations = (
				BA2352DE27D89A4100E7715D /* Debug */,
				BA2352DF27D89A4100E7715D /* Release */,
			);
			defaultConfigurationIsVisible = 0;
			defaultConfigurationName = Release;
		};
		BA2352E027D89A4100E7715D /* Build configuration list for PBXNativeTarget "iOSOCDemoUITests" */ = {
			isa = XCConfigurationList;
			buildConfigurations = (
				BA2352E127D89A4100E7715D /* Debug */,
				BA2352E227D89A4100E7715D /* Release */,
			);
			defaultConfigurationIsVisible = 0;
			defaultConfigurationName = Release;
		};
/* End XCConfigurationList section */
	};
	rootObject = BA2352A327D89A3F00E7715D /* Project object */;
}
